
Microsoft Visual Studio Solution File, Format Version 12.00
# Visual Studio Version 17
VisualStudioVersion = 17.2.32526.322
MinimumVisualStudioVersion = 10.0.40219.1
Project("{FAE04EC0-301F-11D3-BF4B-00C04F79EFBC}") = "MulticasteDelegates", "MulticasteDelegates\MulticasteDelegates.csproj", "{4273FAD3-09EC-44DE-9FBF-90248764E7AE}"
EndProject
Global
	GlobalSection(SolutionConfigurationPlatforms) = preSolution
		Debug|Any CPU = Debug|Any CPU
		Release|Any CPU = Release|Any CPU
	EndGlobalSection
	GlobalSection(ProjectConfigurationPlatforms) = postSolution
		{4273FAD3-09EC-44DE-9FBF-90248764E7AE}.Debug|Any CPU.ActiveCfg = Debug|Any CPU
		{4273FAD3-09EC-44DE-9FBF-90248764E7AE}.Debug|Any CPU.Build.0 = Debug|Any CPU
		{4273FAD3-09EC-44DE-9FBF-90248764E7AE}.Release|Any CPU.ActiveCfg = Release|Any CPU
		{4273FAD3-09EC-44DE-9FBF-90248764E7AE}.Release|Any CPU.Build.0 = Release|Any CPU
	EndGlobalSection
	GlobalSection(SolutionProperties) = preSolution
		HideSolutionNode = FALSE
	EndGlobalSection
	GlobalSection(ExtensibilityGlobals) = postSolution
		SolutionGuid = {FEC71870-4699-4628-8888-D9AA902B3823}
	EndGlobalSection
EndGlobal
