
Microsoft Visual Studio Solution File, Format Version 12.00
# Visual Studio Version 17
VisualStudioVersion = 17.2.32526.322
MinimumVisualStudioVersion = 10.0.40219.1
Project("{FAE04EC0-301F-11D3-BF4B-00C04F79EFBC}") = "GenericStack", "GenericStack\GenericStack.csproj", "{EC4C3EE1-8AC2-4661-B248-AD4E8C1C4315}"
EndProject
Global
	GlobalSection(SolutionConfigurationPlatforms) = preSolution
		Debug|Any CPU = Debug|Any CPU
		Release|Any CPU = Release|Any CPU
	EndGlobalSection
	GlobalSection(ProjectConfigurationPlatforms) = postSolution
		{EC4C3EE1-8AC2-4661-B248-AD4E8C1C4315}.Debug|Any CPU.ActiveCfg = Debug|Any CPU
		{EC4C3EE1-8AC2-4661-B248-AD4E8C1C4315}.Debug|Any CPU.Build.0 = Debug|Any CPU
		{EC4C3EE1-8AC2-4661-B248-AD4E8C1C4315}.Release|Any CPU.ActiveCfg = Release|Any CPU
		{EC4C3EE1-8AC2-4661-B248-AD4E8C1C4315}.Release|Any CPU.Build.0 = Release|Any CPU
	EndGlobalSection
	GlobalSection(SolutionProperties) = preSolution
		HideSolutionNode = FALSE
	EndGlobalSection
	GlobalSection(ExtensibilityGlobals) = postSolution
		SolutionGuid = {B5FEF5D0-D375-4D3D-B3D6-D3C8B29E3613}
	EndGlobalSection
EndGlobal
