
Microsoft Visual Studio Solution File, Format Version 12.00
# Visual Studio Version 17
VisualStudioVersion = 17.2.32526.322
MinimumVisualStudioVersion = 10.0.40219.1
Project("{FAE04EC0-301F-11D3-BF4B-00C04F79EFBC}") = "Pecentage_Calculation", "Pecentage_Calculation\Pecentage_Calculation.csproj", "{A5FA14C0-30DB-4A61-BDD0-5BFDDE89837E}"
EndProject
Global
	GlobalSection(SolutionConfigurationPlatforms) = preSolution
		Debug|Any CPU = Debug|Any CPU
		Release|Any CPU = Release|Any CPU
	EndGlobalSection
	GlobalSection(ProjectConfigurationPlatforms) = postSolution
		{A5FA14C0-30DB-4A61-BDD0-5BFDDE89837E}.Debug|Any CPU.ActiveCfg = Debug|Any CPU
		{A5FA14C0-30DB-4A61-BDD0-5BFDDE89837E}.Debug|Any CPU.Build.0 = Debug|Any CPU
		{A5FA14C0-30DB-4A61-BDD0-5BFDDE89837E}.Release|Any CPU.ActiveCfg = Release|Any CPU
		{A5FA14C0-30DB-4A61-BDD0-5BFDDE89837E}.Release|Any CPU.Build.0 = Release|Any CPU
	EndGlobalSection
	GlobalSection(SolutionProperties) = preSolution
		HideSolutionNode = FALSE
	EndGlobalSection
	GlobalSection(ExtensibilityGlobals) = postSolution
		SolutionGuid = {A0C8F9A6-013A-49AD-B061-61358E94CAA4}
	EndGlobalSection
EndGlobal
