
Microsoft Visual Studio Solution File, Format Version 12.00
# Visual Studio Version 17
VisualStudioVersion = 17.2.32526.322
MinimumVisualStudioVersion = 10.0.40219.1
Project("{FAE04EC0-301F-11D3-BF4B-00C04F79EFBC}") = "Delegate", "Delegate\Delegate.csproj", "{2C32A60B-651E-47C4-B3E5-997E3379BB0D}"
EndProject
Global
	GlobalSection(SolutionConfigurationPlatforms) = preSolution
		Debug|Any CPU = Debug|Any CPU
		Release|Any CPU = Release|Any CPU
	EndGlobalSection
	GlobalSection(ProjectConfigurationPlatforms) = postSolution
		{2C32A60B-651E-47C4-B3E5-997E3379BB0D}.Debug|Any CPU.ActiveCfg = Debug|Any CPU
		{2C32A60B-651E-47C4-B3E5-997E3379BB0D}.Debug|Any CPU.Build.0 = Debug|Any CPU
		{2C32A60B-651E-47C4-B3E5-997E3379BB0D}.Release|Any CPU.ActiveCfg = Release|Any CPU
		{2C32A60B-651E-47C4-B3E5-997E3379BB0D}.Release|Any CPU.Build.0 = Release|Any CPU
	EndGlobalSection
	GlobalSection(SolutionProperties) = preSolution
		HideSolutionNode = FALSE
	EndGlobalSection
	GlobalSection(ExtensibilityGlobals) = postSolution
		SolutionGuid = {CDCADB27-3F60-4DC7-9B1F-AB71D35A5143}
	EndGlobalSection
EndGlobal
