
Microsoft Visual Studio Solution File, Format Version 12.00
# Visual Studio Version 17
VisualStudioVersion = 17.2.32526.322
MinimumVisualStudioVersion = 10.0.40219.1
Project("{FAE04EC0-301F-11D3-BF4B-00C04F79EFBC}") = "Array", "Array\Array.csproj", "{BF67CAE1-A95B-4016-9857-D87CDD02376A}"
EndProject
Global
	GlobalSection(SolutionConfigurationPlatforms) = preSolution
		Debug|Any CPU = Debug|Any CPU
		Release|Any CPU = Release|Any CPU
	EndGlobalSection
	GlobalSection(ProjectConfigurationPlatforms) = postSolution
		{BF67CAE1-A95B-4016-9857-D87CDD02376A}.Debug|Any CPU.ActiveCfg = Debug|Any CPU
		{BF67CAE1-A95B-4016-9857-D87CDD02376A}.Debug|Any CPU.Build.0 = Debug|Any CPU
		{BF67CAE1-A95B-4016-9857-D87CDD02376A}.Release|Any CPU.ActiveCfg = Release|Any CPU
		{BF67CAE1-A95B-4016-9857-D87CDD02376A}.Release|Any CPU.Build.0 = Release|Any CPU
	EndGlobalSection
	GlobalSection(SolutionProperties) = preSolution
		HideSolutionNode = FALSE
	EndGlobalSection
	GlobalSection(ExtensibilityGlobals) = postSolution
		SolutionGuid = {4368C335-7E5F-430B-9DBA-9F9F121F21F9}
	EndGlobalSection
EndGlobal
